# This file is generated by running "yarn install" inside your project.
# Manual changes might be lost - proceed with caution!

__metadata:
  version: 4
  cacheKey: 7

"@yarnpkg/esbuild-plugin-pnp@npm:^1.0.0-rc.5":
  version: 1.0.0-rc.5
  resolution: "@yarnpkg/esbuild-plugin-pnp@npm:1.0.0-rc.5"
  dependencies:
    tslib: ^1.13.0
  peerDependencies:
    esbuild: ">=0.8.36"
  bin:
    esbuild-plugin-pnp: ./lib/cli.js
  checksum: 516f6322a3d730bc8533b1ad56a394e1cc86de28ae9e078b6669d42b2b567dcd8110b44d8c02f5b990f60dc6a0bec7fd2e076073c3803eb1c801496c4f505db1
  languageName: node
  linkType: hard

"esbuild@npm:^0.12.6":
  version: 0.12.6
  resolution: "esbuild@npm:0.12.6"
  bin:
    esbuild: bin/esbuild
  checksum: 5303e77b84575ab4c71b381d797723f57208dd314c2d85e12b7f23fcd9edebf9e2be4bf2a7a23384205cd953990a4694b07dec00bbab55a6a729b5ca5bf8f0dd
  languageName: node
  linkType: hard

"eslint-pnp-test@workspace:.":
  version: 0.0.0-use.local
  resolution: "eslint-pnp-test@workspace:."
  dependencies:
    "@yarnpkg/esbuild-plugin-pnp": ^1.0.0-rc.5
    esbuild: ^0.12.6
    uuid: latest
  languageName: unknown
  linkType: soft

"tslib@npm:^1.13.0":
  version: 1.14.1
  resolution: "tslib@npm:1.14.1"
  checksum: f44fe7f216946b17d3e3074df3746372703cf24e9127b4c045511456e8e4bf25515fb0a1bb3937676cc305651c5d4fcb6377b0588a4c6a957e748c4c28905d17
  languageName: node
  linkType: hard

"uuid@npm:latest":
  version: 8.3.2
  resolution: "uuid@npm:8.3.2"
  bin:
    uuid: dist/bin/uuid
  checksum: aed2bcef341f95635f308fea8831fb9038b18c485fe7e71feb89d2e05602dfecad0cb6f2246fae096d4da425cca6e8a71056f28abd97ad98cf770a2018853248
  languageName: node
  linkType: hard
